<?xml version="1.0" encoding="utf-8"?>
<Project ToolsVersion="4.0" xmlns="http://schemas.microsoft.com/developer/msbuild/2003">
  <ItemGroup>
    <Filter Include="Source Files">
      <UniqueIdentifier>{4FC737F1-C7A5-4376-A066-2A32D752A2FF}</UniqueIdentifier>
      <Extensions>cpp;c;cc;cxx;c++;cppm;ixx;def;odl;idl;hpj;bat;asm;asmx</Extensions>
    </Filter>
    <Filter Include="Header Files">
      <UniqueIdentifier>{93995380-89BD-4b04-88EB-625FBE52EBFB}</UniqueIdentifier>
      <Extensions>h;hh;hpp;hxx;h++;hm;inl;inc;ipp;xsd</Extensions>
    </Filter>
    <Filter Include="Resource Files">
      <UniqueIdentifier>{67DA6AB6-F800-4c08-8B7A-83BB121AAD01}</UniqueIdentifier>
      <Extensions>rc;ico;cur;bmp;dlg;rc2;rct;bin;rgs;gif;jpg;jpeg;jpe;resx;tiff;tif;png;wav;mfcribbon-ms</Extensions>
    </Filter>
  </ItemGroup>
  <ItemGroup>
    <ClCompile Include="src\main.cpp">
      <Filter>Source Files</Filter>
    </ClCompile>
    <ClCompile Include="src\Game.cpp">
      <Filter>Source Files</Filter>
    </ClCompile>
    <ClCompile Include="src\Player.cpp">
      <Filter>Source Files</Filter>
    </ClCompile>
    <ClCompile Include="src\TextureManager.cpp">
      <Filter>Source Files</Filter>
    </ClCompile>
    <ClCompile Include="src\Bullets.cpp">
      <Filter>Source Files</Filter>
    </ClCompile>
    <ClCompile Include="src\sidebar.cpp">
      <Filter>Source Files</Filter>
    </ClCompile>
    <ClCompile Include="src\Enemy.cpp">
      <Filter>Source Files</Filter>
    </ClCompile>
    <ClCompile Include="src\EnemyLayout.cpp">
      <Filter>Source Files</Filter>
    </ClCompile>
    <ClCompile Include="src\SoundManager.cpp">
      <Filter>Source Files</Filter>
    </ClCompile>
    <ClCompile Include="src\Collision.cpp">
      <Filter>Source Files</Filter>
    </ClCompile>
    <ClCompile Include="src\Menu.cpp">
      <Filter>Source Files</Filter>
    </ClCompile>
    <ClCompile Include="src\Items.cpp">
      <Filter>Source Files</Filter>
    </ClCompile>
  </ItemGroup>
  <ItemGroup>
    <ClInclude Include="src\headers\Game.hpp">
      <Filter>Header Files</Filter>
    </ClInclude>
    <ClInclude Include="src\headers\Player.hpp">
      <Filter>Header Files</Filter>
    </ClInclude>
    <ClInclude Include="src\headers\TextureManager.hpp">
      <Filter>Header Files</Filter>
    </ClInclude>
    <ClInclude Include="include\begin_code.h">
      <Filter>Header Files</Filter>
    </ClInclude>
    <ClInclude Include="include\close_code.h">
      <Filter>Header Files</Filter>
    </ClInclude>
    <ClInclude Include="include\SDL.h">
      <Filter>Header Files</Filter>
    </ClInclude>
    <ClInclude Include="include\SDL_assert.h">
      <Filter>Header Files</Filter>
    </ClInclude>
    <ClInclude Include="include\SDL_atomic.h">
      <Filter>Header Files</Filter>
    </ClInclude>
    <ClInclude Include="include\SDL_audio.h">
      <Filter>Header Files</Filter>
    </ClInclude>
    <ClInclude Include="include\SDL_bits.h">
      <Filter>Header Files</Filter>
    </ClInclude>
    <ClInclude Include="include\SDL_blendmode.h">
      <Filter>Header Files</Filter>
    </ClInclude>
    <ClInclude Include="include\SDL_clipboard.h">
      <Filter>Header Files</Filter>
    </ClInclude>
    <ClInclude Include="include\SDL_config.h">
      <Filter>Header Files</Filter>
    </ClInclude>
    <ClInclude Include="include\SDL_config_android.h">
      <Filter>Header Files</Filter>
    </ClInclude>
    <ClInclude Include="include\SDL_config_emscripten.h">
      <Filter>Header Files</Filter>
    </ClInclude>
    <ClInclude Include="include\SDL_config_iphoneos.h">
      <Filter>Header Files</Filter>
    </ClInclude>
    <ClInclude Include="include\SDL_config_macosx.h">
      <Filter>Header Files</Filter>
    </ClInclude>
    <ClInclude Include="include\SDL_config_minimal.h">
      <Filter>Header Files</Filter>
    </ClInclude>
    <ClInclude Include="include\SDL_config_ngage.h">
      <Filter>Header Files</Filter>
    </ClInclude>
    <ClInclude Include="include\SDL_config_os2.h">
      <Filter>Header Files</Filter>
    </ClInclude>
    <ClInclude Include="include\SDL_config_pandora.h">
      <Filter>Header Files</Filter>
    </ClInclude>
    <ClInclude Include="include\SDL_config_windows.h">
      <Filter>Header Files</Filter>
    </ClInclude>
    <ClInclude Include="include\SDL_config_wingdk.h">
      <Filter>Header Files</Filter>
    </ClInclude>
    <ClInclude Include="include\SDL_config_winrt.h">
      <Filter>Header Files</Filter>
    </ClInclude>
    <ClInclude Include="include\SDL_config_xbox.h">
      <Filter>Header Files</Filter>
    </ClInclude>
    <ClInclude Include="include\SDL_copying.h">
      <Filter>Header Files</Filter>
    </ClInclude>
    <ClInclude Include="include\SDL_cpuinfo.h">
      <Filter>Header Files</Filter>
    </ClInclude>
    <ClInclude Include="include\SDL_egl.h">
      <Filter>Header Files</Filter>
    </ClInclude>
    <ClInclude Include="include\SDL_endian.h">
      <Filter>Header Files</Filter>
    </ClInclude>
    <ClInclude Include="include\SDL_error.h">
      <Filter>Header Files</Filter>
    </ClInclude>
    <ClInclude Include="include\SDL_events.h">
      <Filter>Header Files</Filter>
    </ClInclude>
    <ClInclude Include="include\SDL_filesystem.h">
      <Filter>Header Files</Filter>
    </ClInclude>
    <ClInclude Include="include\SDL_gamecontroller.h">
      <Filter>Header Files</Filter>
    </ClInclude>
    <ClInclude Include="include\SDL_gesture.h">
      <Filter>Header Files</Filter>
    </ClInclude>
    <ClInclude Include="include\SDL_guid.h">
      <Filter>Header Files</Filter>
    </ClInclude>
    <ClInclude Include="include\SDL_haptic.h">
      <Filter>Header Files</Filter>
    </ClInclude>
    <ClInclude Include="include\SDL_hidapi.h">
      <Filter>Header Files</Filter>
    </ClInclude>
    <ClInclude Include="include\SDL_hints.h">
      <Filter>Header Files</Filter>
    </ClInclude>
    <ClInclude Include="include\SDL_image.h">
      <Filter>Header Files</Filter>
    </ClInclude>
    <ClInclude Include="include\SDL_joystick.h">
      <Filter>Header Files</Filter>
    </ClInclude>
    <ClInclude Include="include\SDL_keyboard.h">
      <Filter>Header Files</Filter>
    </ClInclude>
    <ClInclude Include="include\SDL_keycode.h">
      <Filter>Header Files</Filter>
    </ClInclude>
    <ClInclude Include="include\SDL_loadso.h">
      <Filter>Header Files</Filter>
    </ClInclude>
    <ClInclude Include="include\SDL_locale.h">
      <Filter>Header Files</Filter>
    </ClInclude>
    <ClInclude Include="include\SDL_log.h">
      <Filter>Header Files</Filter>
    </ClInclude>
    <ClInclude Include="include\SDL_main.h">
      <Filter>Header Files</Filter>
    </ClInclude>
    <ClInclude Include="include\SDL_messagebox.h">
      <Filter>Header Files</Filter>
    </ClInclude>
    <ClInclude Include="include\SDL_metal.h">
      <Filter>Header Files</Filter>
    </ClInclude>
    <ClInclude Include="include\SDL_misc.h">
      <Filter>Header Files</Filter>
    </ClInclude>
    <ClInclude Include="include\SDL_mouse.h">
      <Filter>Header Files</Filter>
    </ClInclude>
    <ClInclude Include="include\SDL_mutex.h">
      <Filter>Header Files</Filter>
    </ClInclude>
    <ClInclude Include="include\SDL_name.h">
      <Filter>Header Files</Filter>
    </ClInclude>
    <ClInclude Include="include\SDL_opengl.h">
      <Filter>Header Files</Filter>
    </ClInclude>
    <ClInclude Include="include\SDL_opengl_glext.h">
      <Filter>Header Files</Filter>
    </ClInclude>
    <ClInclude Include="include\SDL_opengles.h">
      <Filter>Header Files</Filter>
    </ClInclude>
    <ClInclude Include="include\SDL_opengles2.h">
      <Filter>Header Files</Filter>
    </ClInclude>
    <ClInclude Include="include\SDL_opengles2_gl2.h">
      <Filter>Header Files</Filter>
    </ClInclude>
    <ClInclude Include="include\SDL_opengles2_gl2ext.h">
      <Filter>Header Files</Filter>
    </ClInclude>
    <ClInclude Include="include\SDL_opengles2_gl2platform.h">
      <Filter>Header Files</Filter>
    </ClInclude>
    <ClInclude Include="include\SDL_opengles2_khrplatform.h">
      <Filter>Header Files</Filter>
    </ClInclude>
    <ClInclude Include="include\SDL_pixels.h">
      <Filter>Header Files</Filter>
    </ClInclude>
    <ClInclude Include="include\SDL_platform.h">
      <Filter>Header Files</Filter>
    </ClInclude>
    <ClInclude Include="include\SDL_power.h">
      <Filter>Header Files</Filter>
    </ClInclude>
    <ClInclude Include="include\SDL_quit.h">
      <Filter>Header Files</Filter>
    </ClInclude>
    <ClInclude Include="include\SDL_rect.h">
      <Filter>Header Files</Filter>
    </ClInclude>
    <ClInclude Include="include\SDL_render.h">
      <Filter>Header Files</Filter>
    </ClInclude>
    <ClInclude Include="include\SDL_revision.h">
      <Filter>Header Files</Filter>
    </ClInclude>
    <ClInclude Include="include\SDL_rwops.h">
      <Filter>Header Files</Filter>
    </ClInclude>
    <ClInclude Include="include\SDL_scancode.h">
      <Filter>Header Files</Filter>
    </ClInclude>
    <ClInclude Include="include\SDL_sensor.h">
      <Filter>Header Files</Filter>
    </ClInclude>
    <ClInclude Include="include\SDL_shape.h">
      <Filter>Header Files</Filter>
    </ClInclude>
    <ClInclude Include="include\SDL_stdinc.h">
      <Filter>Header Files</Filter>
    </ClInclude>
    <ClInclude Include="include\SDL_surface.h">
      <Filter>Header Files</Filter>
    </ClInclude>
    <ClInclude Include="include\SDL_system.h">
      <Filter>Header Files</Filter>
    </ClInclude>
    <ClInclude Include="include\SDL_syswm.h">
      <Filter>Header Files</Filter>
    </ClInclude>
    <ClInclude Include="include\SDL_test.h">
      <Filter>Header Files</Filter>
    </ClInclude>
    <ClInclude Include="include\SDL_test_assert.h">
      <Filter>Header Files</Filter>
    </ClInclude>
    <ClInclude Include="include\SDL_test_common.h">
      <Filter>Header Files</Filter>
    </ClInclude>
    <ClInclude Include="include\SDL_test_compare.h">
      <Filter>Header Files</Filter>
    </ClInclude>
    <ClInclude Include="include\SDL_test_crc32.h">
      <Filter>Header Files</Filter>
    </ClInclude>
    <ClInclude Include="include\SDL_test_font.h">
      <Filter>Header Files</Filter>
    </ClInclude>
    <ClInclude Include="include\SDL_test_fuzzer.h">
      <Filter>Header Files</Filter>
    </ClInclude>
    <ClInclude Include="include\SDL_test_harness.h">
      <Filter>Header Files</Filter>
    </ClInclude>
    <ClInclude Include="include\SDL_test_images.h">
      <Filter>Header Files</Filter>
    </ClInclude>
    <ClInclude Include="include\SDL_test_log.h">
      <Filter>Header Files</Filter>
    </ClInclude>
    <ClInclude Include="include\SDL_test_md5.h">
      <Filter>Header Files</Filter>
    </ClInclude>
    <ClInclude Include="include\SDL_test_memory.h">
      <Filter>Header Files</Filter>
    </ClInclude>
    <ClInclude Include="include\SDL_test_random.h">
      <Filter>Header Files</Filter>
    </ClInclude>
    <ClInclude Include="include\SDL_thread.h">
      <Filter>Header Files</Filter>
    </ClInclude>
    <ClInclude Include="include\SDL_timer.h">
      <Filter>Header Files</Filter>
    </ClInclude>
    <ClInclude Include="include\SDL_touch.h">
      <Filter>Header Files</Filter>
    </ClInclude>
    <ClInclude Include="include\SDL_types.h">
      <Filter>Header Files</Filter>
    </ClInclude>
    <ClInclude Include="include\SDL_version.h">
      <Filter>Header Files</Filter>
    </ClInclude>
    <ClInclude Include="include\SDL_video.h">
      <Filter>Header Files</Filter>
    </ClInclude>
    <ClInclude Include="include\SDL_vulkan.h">
      <Filter>Header Files</Filter>
    </ClInclude>
    <ClInclude Include="src\headers\sidebar.hpp">
      <Filter>Header Files</Filter>
    </ClInclude>
    <ClInclude Include="src\headers\Bullets.hpp">
      <Filter>Header Files</Filter>
    </ClInclude>
    <ClInclude Include="src\headers\Enemy.hpp">
      <Filter>Header Files</Filter>
    </ClInclude>
    <ClInclude Include="src\headers\EnemyLayout.hpp">
      <Filter>Header Files</Filter>
    </ClInclude>
    <ClInclude Include="src\headers\SoundManager.hpp">
      <Filter>Header Files</Filter>
    </ClInclude>
    <ClInclude Include="src\headers\Collision.hpp">
      <Filter>Header Files</Filter>
    </ClInclude>
    <ClInclude Include="src\headers\Menu.hpp">
      <Filter>Header Files</Filter>
    </ClInclude>
    <ClInclude Include="src\headers\Items.hpp">
      <Filter>Header Files</Filter>
    </ClInclude>
  </ItemGroup>
  <ItemGroup>
    <Image Include="res\player\Reimu_sprite.png">
      <Filter>Resource Files</Filter>
    </Image>
    <Image Include="res\BGTEXTURE.png">
      <Filter>Resource Files</Filter>
    </Image>
    <Image Include="res\sidebar.png">
      <Filter>Resource Files</Filter>
    </Image>
    <Image Include="res\SIDEBAR_TITLE.png">
      <Filter>Resource Files</Filter>
    </Image>
    <Image Include="res\PC Computer - Touhou Koumakyou The Embodiment of Scarlet Devil - Enemies and Bosses.png">
      <Filter>Resource Files</Filter>
    </Image>
    <Image Include="res\player\idleanimation.png">
      <Filter>Resource Files</Filter>
    </Image>
    <Image Include="res\player\rightAni.png">
      <Filter>Resource Files</Filter>
    </Image>
    <Image Include="res\Enemy\circle.png">
      <Filter>Resource Files</Filter>
    </Image>
    <Image Include="res\Enemy\Red_fa.png">
      <Filter>Resource Files</Filter>
    </Image>
    <Image Include="res\Enemy\Sakuya_idle.png">
      <Filter>Resource Files</Filter>
    </Image>
    <Image Include="res\Enemy\Sakuya_move.png">
      <Filter>Resource Files</Filter>
    </Image>
    <Image Include="res\Enemy\White_fa.png">
      <Filter>Resource Files</Filter>
    </Image>
    <Image Include="res\bullets.png">
      <Filter>Resource Files</Filter>
    </Image>
    <Image Include="res\player\Reimu_sprite2.png">
      <Filter>Resource Files</Filter>
    </Image>
    <Image Include="res\Enemy\Blue_fa.png">
      <Filter>Resource Files</Filter>
    </Image>
    <Image Include="res\Titlescreens&amp;menus.png">
      <Filter>Resource Files</Filter>
    </Image>
    <Image Include="res\Menu\Loading.png">
      <Filter>Resource Files</Filter>
    </Image>
    <Image Include="res\Menu\Menu_bg.png">
      <Filter>Resource Files</Filter>
    </Image>
    <Image Include="res\Menu\Quit.png">
      <Filter>Resource Files</Filter>
    </Image>
    <Image Include="res\Menu\Quit_unsl.png">
      <Filter>Resource Files</Filter>
    </Image>
    <Image Include="res\Menu\Start.png">
      <Filter>Resource Files</Filter>
    </Image>
    <Image Include="res\Menu\Start_unsl.png">
      <Filter>Resource Files</Filter>
    </Image>
    <Image Include="res\Enemy\Sparkle.png">
      <Filter>Resource Files</Filter>
    </Image>
    <Image Include="res\DOT.png">
      <Filter>Resource Files</Filter>
    </Image>
    <Image Include="res\SIDEBAR_NUMBER.png">
      <Filter>Resource Files</Filter>
    </Image>
    <Image Include="res\SIDEBAR_PLAYER.png">
      <Filter>Resource Files</Filter>
    </Image>
    <Image Include="res\SIDEBAR_POWER.png">
      <Filter>Resource Files</Filter>
    </Image>
  </ItemGroup>
  <ItemGroup>
    <Library Include="lib\SDL2.lib" />
    <Library Include="lib\SDL2_image.lib" />
    <Library Include="lib\SDL2main.lib" />
    <Library Include="lib\SDL2test.lib" />
    <Library Include="lib\SDL2_mixer.lib" />
    <Library Include="lib\SDL2_ttf.lib" />
  </ItemGroup>
  <ItemGroup>
    <None Include="lib\SDL2.pdb" />
    <None Include="lib\SDL2_image.pdb" />
    <None Include="include\cmake\SDL2\cmake\sdl2-config.cmake" />
    <None Include="include\cmake\SDL2\cmake\sdl2-config-version.cmake" />
    <None Include="include\cmake\SDL2_image\cmake\sdl2_image-config.cmake" />
    <None Include="include\cmake\SDL2_image\cmake\sdl2_image-config-version.cmake" />
    <None Include="SDL2_mixer.dll" />
    <None Include="SDL2.dll" />
    <None Include="SDL2_image.dll" />
    <None Include="SDL2_ttf.dll" />
    <None Include="SDL2paths.props" />
  </ItemGroup>
  <ItemGroup>
    <Media Include="res\sound\cancel00.wav">
      <Filter>Resource Files</Filter>
    </Media>
    <Media Include="res\sound\cat00.wav">
      <Filter>Resource Files</Filter>
    </Media>
    <Media Include="res\sound\damage00.wav">
      <Filter>Resource Files</Filter>
    </Media>
    <Media Include="res\sound\enep00.wav">
      <Filter>Resource Files</Filter>
    </Media>
    <Media Include="res\sound\enep01.wav">
      <Filter>Resource Files</Filter>
    </Media>
    <Media Include="res\sound\extend.wav">
      <Filter>Resource Files</Filter>
    </Media>
    <Media Include="res\sound\graze.wav">
      <Filter>Resource Files</Filter>
    </Media>
    <Media Include="res\sound\gun00.wav">
      <Filter>Resource Files</Filter>
    </Media>
    <Media Include="res\sound\item00.wav">
      <Filter>Resource Files</Filter>
    </Media>
    <Media Include="res\sound\kira00.wav">
      <Filter>Resource Files</Filter>
    </Media>
    <Media Include="res\sound\kira01.wav">
      <Filter>Resource Files</Filter>
    </Media>
    <Media Include="res\sound\kira02.wav">
      <Filter>Resource Files</Filter>
    </Media>
    <Media Include="res\sound\lazer00.wav">
      <Filter>Resource Files</Filter>
    </Media>
    <Media Include="res\sound\lazer01.wav">
      <Filter>Resource Files</Filter>
    </Media>
    <Media Include="res\sound\nep00.wav">
      <Filter>Resource Files</Filter>
    </Media>
    <Media Include="res\sound\ok00.wav">
      <Filter>Resource Files</Filter>
    </Media>
    <Media Include="res\sound\pldead00.wav">
      <Filter>Resource Files</Filter>
    </Media>
    <Media Include="res\sound\plst00.wav">
      <Filter>Resource Files</Filter>
    </Media>
    <Media Include="res\sound\power0.wav">
      <Filter>Resource Files</Filter>
    </Media>
    <Media Include="res\sound\power1.wav">
      <Filter>Resource Files</Filter>
    </Media>
    <Media Include="res\sound\powerup.wav">
      <Filter>Resource Files</Filter>
    </Media>
    <Media Include="res\sound\select00.wav">
      <Filter>Resource Files</Filter>
    </Media>
    <Media Include="res\sound\tan00.wav">
      <Filter>Resource Files</Filter>
    </Media>
    <Media Include="res\sound\tan01.wav">
      <Filter>Resource Files</Filter>
    </Media>
    <Media Include="res\sound\tan02.wav">
      <Filter>Resource Files</Filter>
    </Media>
    <Media Include="res\sound\timeout.wav">
      <Filter>Resource Files</Filter>
    </Media>
    <Media Include="res\OST\A Dream that is more Scarlet than Red.mp3" />
    <Media Include="res\OST\A Soul as Red as a Ground Cherry.mp3" />
    <Media Include="res\OST\An Eternity that is More Transient than Scarlet.mp3" />
    <Media Include="res\OST\Apparitions Stalk the Night.mp3" />
    <Media Include="res\OST\Crimson Tower ~ Eastern Dream....mp3" />
    <Media Include="res\OST\Locked Girl ~ The Girl%27s Secret Room.mp3" />
    <Media Include="res\OST\Lunar Clock ~ Luna Dial.mp3" />
    <Media Include="res\OST\Lunate Elf.mp3" />
    <Media Include="res\OST\Septette for the Dead Princess.mp3" />
    <Media Include="res\OST\Shanghai Alice of Meiji 17.mp3" />
    <Media Include="res\OST\Shanghai Teahouse ~ Chinese Tea.mp3" />
    <Media Include="res\OST\The Centennial Festival for Magical Girls.mp3" />
    <Media Include="res\OST\The Maid and the Pocket Watch of Blood.mp3" />
    <Media Include="res\OST\The Young Descendant of Tepes.mp3" />
    <Media Include="res\OST\Tomboyish Girl in Love.mp3" />
    <Media Include="res\OST\U.N. Owen was Her.mp3" />
    <Media Include="res\OST\Voile, the Magic Library.mp3" />
  </ItemGroup>
  <ItemGroup>
    <Text Include="res\sound\Read me!.txt" />
  </ItemGroup>
</Project>